
Microsoft Visual Studio Solution File, Format Version 12.00
# Visual Studio 15
VisualStudioVersion = 15.0.26124.0
MinimumVisualStudioVersion = 15.0.26124.0
Project("{2150E333-8FDC-42A3-9474-1A3956D46DE8}") = "src", "src", "{9BD54067-B977-4660-A377-45377B6561BC}"
EndProject
Project("{FAE04EC0-301F-11D3-BF4B-00C04F79EFBC}") = "LongRunningTasks", "src\LongRunningTasks\LongRunningTasks.csproj", "{F77237EA-E4BB-45AB-A75E-7FCBA37F1C28}"
EndProject
Project("{2150E333-8FDC-42A3-9474-1A3956D46DE8}") = "test", "test", "{70298C65-6C7D-4674-82C5-9913E619B820}"
EndProject
Project("{FAE04EC0-301F-11D3-BF4B-00C04F79EFBC}") = "LongRunningTasks.Tests", "test\LongRunningTasks.Tests\LongRunningTasks.Tests.csproj", "{8694A13B-F7E1-4539-A5C9-41660ED03F3B}"
EndProject
Global
	GlobalSection(SolutionConfigurationPlatforms) = preSolution
		Debug|Any CPU = Debug|Any CPU
		Debug|x64 = Debug|x64
		Debug|x86 = Debug|x86
		Release|Any CPU = Release|Any CPU
		Release|x64 = Release|x64
		Release|x86 = Release|x86
	EndGlobalSection
	GlobalSection(SolutionProperties) = preSolution
		HideSolutionNode = FALSE
	EndGlobalSection
	GlobalSection(ProjectConfigurationPlatforms) = postSolution
		{F77237EA-E4BB-45AB-A75E-7FCBA37F1C28}.Debug|Any CPU.ActiveCfg = Debug|Any CPU
		{F77237EA-E4BB-45AB-A75E-7FCBA37F1C28}.Debug|Any CPU.Build.0 = Debug|Any CPU
		{F77237EA-E4BB-45AB-A75E-7FCBA37F1C28}.Debug|x64.ActiveCfg = Debug|Any CPU
		{F77237EA-E4BB-45AB-A75E-7FCBA37F1C28}.Debug|x64.Build.0 = Debug|Any CPU
		{F77237EA-E4BB-45AB-A75E-7FCBA37F1C28}.Debug|x86.ActiveCfg = Debug|Any CPU
		{F77237EA-E4BB-45AB-A75E-7FCBA37F1C28}.Debug|x86.Build.0 = Debug|Any CPU
		{F77237EA-E4BB-45AB-A75E-7FCBA37F1C28}.Release|Any CPU.ActiveCfg = Release|Any CPU
		{F77237EA-E4BB-45AB-A75E-7FCBA37F1C28}.Release|Any CPU.Build.0 = Release|Any CPU
		{F77237EA-E4BB-45AB-A75E-7FCBA37F1C28}.Release|x64.ActiveCfg = Release|Any CPU
		{F77237EA-E4BB-45AB-A75E-7FCBA37F1C28}.Release|x64.Build.0 = Release|Any CPU
		{F77237EA-E4BB-45AB-A75E-7FCBA37F1C28}.Release|x86.ActiveCfg = Release|Any CPU
		{F77237EA-E4BB-45AB-A75E-7FCBA37F1C28}.Release|x86.Build.0 = Release|Any CPU
		{8694A13B-F7E1-4539-A5C9-41660ED03F3B}.Debug|Any CPU.ActiveCfg = Debug|Any CPU
		{8694A13B-F7E1-4539-A5C9-41660ED03F3B}.Debug|Any CPU.Build.0 = Debug|Any CPU
		{8694A13B-F7E1-4539-A5C9-41660ED03F3B}.Debug|x64.ActiveCfg = Debug|Any CPU
		{8694A13B-F7E1-4539-A5C9-41660ED03F3B}.Debug|x64.Build.0 = Debug|Any CPU
		{8694A13B-F7E1-4539-A5C9-41660ED03F3B}.Debug|x86.ActiveCfg = Debug|Any CPU
		{8694A13B-F7E1-4539-A5C9-41660ED03F3B}.Debug|x86.Build.0 = Debug|Any CPU
		{8694A13B-F7E1-4539-A5C9-41660ED03F3B}.Release|Any CPU.ActiveCfg = Release|Any CPU
		{8694A13B-F7E1-4539-A5C9-41660ED03F3B}.Release|Any CPU.Build.0 = Release|Any CPU
		{8694A13B-F7E1-4539-A5C9-41660ED03F3B}.Release|x64.ActiveCfg = Release|Any CPU
		{8694A13B-F7E1-4539-A5C9-41660ED03F3B}.Release|x64.Build.0 = Release|Any CPU
		{8694A13B-F7E1-4539-A5C9-41660ED03F3B}.Release|x86.ActiveCfg = Release|Any CPU
		{8694A13B-F7E1-4539-A5C9-41660ED03F3B}.Release|x86.Build.0 = Release|Any CPU
	EndGlobalSection
	GlobalSection(NestedProjects) = preSolution
		{F77237EA-E4BB-45AB-A75E-7FCBA37F1C28} = {9BD54067-B977-4660-A377-45377B6561BC}
		{8694A13B-F7E1-4539-A5C9-41660ED03F3B} = {70298C65-6C7D-4674-82C5-9913E619B820}
	EndGlobalSection
EndGlobal
